// !$*UTF8*$!
{
	archiveVersion = 1;
	classes = {
	};
	objectVersion = 46;
	objects = {

/* Begin PBXBuildFile section */
		4ABC013B1D12B62E0083079D /* AppDelegate.swift in Sources */ = {isa = PBXBuildFile; fileRef = 4ABC013A1D12B62E0083079D /* AppDelegate.swift */; };
		4ABC013D1D12B62E0083079D /* ViewController.swift in Sources */ = {isa = PBXBuildFile; fileRef = 4ABC013C1D12B62E0083079D /* ViewController.swift */; };
		4ABC01401D12B62E0083079D /* Main.storyboard in Resources */ = {isa = PBXBuildFile; fileRef = 4ABC013E1D12B62E0083079D /* Main.storyboard */; };
		4ABC01421D12B62E0083079D /* Assets.xcassets in Resources */ = {isa = PBXBuildFile; fileRef = 4ABC01411D12B62E0083079D /* Assets.xcassets */; };
		4ABC01451D12B62E0083079D /* LaunchScreen.storyboard in Resources */ = {isa = PBXBuildFile; fileRef = 4ABC01431D12B62E0083079D /* LaunchScreen.storyboard */; };
		4ABC014D1D12B63D0083079D /* BMNYearPicker.swift in Sources */ = {isa = PBXBuildFile; fileRef = 4ABC014C1D12B63D0083079D /* BMNYearPicker.swift */; };
/* End PBXBuildFile section */

/* Begin PBXFileReference section */
		4ABC01371D12B62E0083079D /* BMNYearPicker.app */ = {isa = PBXFileReference; explicitFileType = wrapper.application; includeInIndex = 0; path = BMNYearPicker.app; sourceTree = BUILT_PRODUCTS_DIR; };
		4ABC013A1D12B62E0083079D /* AppDelegate.swift */ = {isa = PBXFileReference; lastKnownFileType = sourcecode.swift; path = AppDelegate.swift; sourceTree = "<group>"; };
		4ABC013C1D12B62E0083079D /* ViewController.swift */ = {isa = PBXFileReference; lastKnownFileType = sourcecode.swift; path = ViewController.swift; sourceTree = "<group>"; };
		4ABC013F1D12B62E0083079D /* Base */ = {isa = PBXFileReference; lastKnownFileType = file.storyboard; name = Base; path = Base.lproj/Main.storyboard; sourceTree = "<group>"; };
		4ABC01411D12B62E0083079D /* Assets.xcassets */ = {isa = PBXFileReference; lastKnownFileType = folder.assetcatalog; path = Assets.xcassets; sourceTree = "<group>"; };
		4ABC01441D12B62E0083079D /* Base */ = {isa = PBXFileReference; lastKnownFileType = file.storyboard; name = Base; path = Base.lproj/LaunchScreen.storyboard; sourceTree = "<group>"; };
		4ABC01461D12B62E0083079D /* Info.plist */ = {isa = PBXFileReference; lastKnownFileType = text.plist.xml; path = Info.plist; sourceTree = "<group>"; };
		4ABC014C1D12B63D0083079D /* BMNYearPicker.swift */ = {isa = PBXFileReference; fileEncoding = 4; lastKnownFileType = sourcecode.swift; path = BMNYearPicker.swift; sourceTree = "<group>"; };
/* End PBXFileReference section */

/* Begin PBXFrameworksBuildPhase section */
		4ABC01341D12B62E0083079D /* Frameworks */ = {
			isa = PBXFrameworksBuildPhase;
			buildActionMask = 2147483647;
			files = (
			);
			runOnlyForDeploymentPostprocessing = 0;
		};
/* End PBXFrameworksBuildPhase section */

/* Begin PBXGroup section */
		4ABC012E1D12B62D0083079D = {
			isa = PBXGroup;
			children = (
				4ABC01391D12B62E0083079D /* BMNYearPicker */,
				4ABC01381D12B62E0083079D /* Products */,
			);
			sourceTree = "<group>";
		};
		4ABC01381D12B62E0083079D /* Products */ = {
			isa = PBXGroup;
			children = (
				4ABC01371D12B62E0083079D /* BMNYearPicker.app */,
			);
			name = Products;
			sourceTree = "<group>";
		};
		4ABC01391D12B62E0083079D /* BMNYearPicker */ = {
			isa = PBXGroup;
			children = (
				4ABC014C1D12B63D0083079D /* BMNYearPicker.swift */,
				4ABC013A1D12B62E0083079D /* AppDelegate.swift */,
				4ABC013C1D12B62E0083079D /* ViewController.swift */,
				4ABC013E1D12B62E0083079D /* Main.storyboard */,
				4ABC01411D12B62E0083079D /* Assets.xcassets */,
				4ABC01431D12B62E0083079D /* LaunchScreen.storyboard */,
				4ABC01461D12B62E0083079D /* Info.plist */,
			);
			path = BMNYearPicker;
			sourceTree = "<group>";
		};
/* End PBXGroup section */

/* Begin PBXNativeTarget section */
		4ABC01361D12B62E0083079D /* BMNYearPicker */ = {
			isa = PBXNativeTarget;
			buildConfigurationList = 4ABC01491D12B62E0083079D /* Build configuration list for PBXNativeTarget "BMNYearPicker" */;
			buildPhases = (
				4ABC01331D12B62E0083079D /* Sources */,
				4ABC01341D12B62E0083079D /* Frameworks */,
				4ABC01351D12B62E0083079D /* Resources */,
			);
			buildRules = (
			);
			dependencies = (
			);
			name = BMNYearPicker;
			productName = BMNYearPicker;
			productReference = 4ABC01371D12B62E0083079D /* BMNYearPicker.app */;
			productType = "com.apple.product-type.application";
		};
/* End PBXNativeTarget section */

/* Begin PBXProject section */
		4ABC012F1D12B62D0083079D /* Project object */ = {
			isa = PBXProject;
			attributes = {
				LastSwiftUpdateCheck = 0720;
				LastUpgradeCheck = 0720;
				ORGANIZATIONNAME = Harry;
				TargetAttributes = {
					4ABC01361D12B62E0083079D = {
						CreatedOnToolsVersion = 7.2;
					};
				};
			};
			buildConfigurationList = 4ABC01321D12B62D0083079D /* Build configuration list for PBXProject "BMNYearPicker" */;
			compatibilityVersion = "Xcode 3.2";
			developmentRegion = English;
			hasScannedForEncodings = 0;
			knownRegions = (
				en,
				Base,
			);
			mainGroup = 4ABC012E1D12B62D0083079D;
			productRefGroup = 4ABC01381D12B62E0083079D /* Products */;
			projectDirPath = "";
			projectRoot = "";
			targets = (
				4ABC01361D12B62E0083079D /* BMNYearPicker */,
			);
		};
/* End PBXProject section */

/* Begin PBXResourcesBuildPhase section */
		4ABC01351D12B62E0083079D /* Resources */ = {
			isa = PBXResourcesBuildPhase;
			buildActionMask = 2147483647;
			files = (
				4ABC01451D12B62E0083079D /* LaunchScreen.storyboard in Resources */,
				4ABC01421D12B62E0083079D /* Assets.xcassets in Resources */,
				4ABC01401D12B62E0083079D /* Main.storyboard in Resources */,
			);
			runOnlyForDeploymentPostprocessing = 0;
		};
/* End PBXResourcesBuildPhase section */

/* Begin PBXSourcesBuildPhase section */
		4ABC01331D12B62E0083079D /* Sources */ = {
			isa = PBXSourcesBuildPhase;
			buildActionMask = 2147483647;
			files = (
				4ABC013D1D12B62E0083079D /* ViewController.swift in Sources */,
				4ABC014D1D12B63D0083079D /* BMNYearPicker.swift in Sources */,
				4ABC013B1D12B62E0083079D /* AppDelegate.swift in Sources */,
			);
			runOnlyForDeploymentPostprocessing = 0;
		};
/* End PBXSourcesBuildPhase section */

/* Begin PBXVariantGroup section */
		4ABC013E1D12B62E0083079D /* Main.storyboard */ = {
			isa = PBXVariantGroup;
			children = (
				4ABC013F1D12B62E0083079D /* Base */,
			);
			name = Main.storyboard;
			sourceTree = "<group>";
		};
		4ABC01431D12B62E0083079D /* LaunchScreen.storyboard */ = {
			isa = PBXVariantGroup;
			children = (
				4ABC01441D12B62E0083079D /* Base */,
			);
			name = LaunchScreen.storyboard;
			sourceTree = "<group>";
		};
/* End PBXVariantGroup section */

/* Begin XCBuildConfiguration section */
		4ABC01471D12B62E0083079D /* Debug */ = {
			isa = XCBuildConfiguration;
			buildSettings = {
				ALWAYS_SEARCH_USER_PATHS = NO;
				CLANG_CXX_LANGUAGE_STANDARD = "gnu++0x";
				CLANG_CXX_LIBRARY = "libc++";
				CLANG_ENABLE_MODULES = YES;
				CLANG_ENABLE_OBJC_ARC = YES;
				CLANG_WARN_BOOL_CONVERSION = YES;
				CLANG_WARN_CONSTANT_CONVERSION = YES;
				CLANG_WARN_DIRECT_OBJC_ISA_USAGE = YES_ERROR;
				CLANG_WARN_EMPTY_BODY = YES;
				CLANG_WARN_ENUM_CONVERSION = YES;
				CLANG_WARN_INT_CONVERSION = YES;
				CLANG_WARN_OBJC_ROOT_CLASS = YES_ERROR;
				CLANG_WARN_UNREACHABLE_CODE = YES;
				CLANG_WARN__DUPLICATE_METHOD_MATCH = YES;
				"CODE_SIGN_IDENTITY[sdk=iphoneos*]" = "iPhone Developer";
				COPY_PHASE_STRIP = NO;
				DEBUG_INFORMATION_FORMAT = dwarf;
				ENABLE_STRICT_OBJC_MSGSEND = YES;
				ENABLE_TESTABILITY = YES;
				GCC_C_LANGUAGE_STANDARD = gnu99;
				GCC_DYNAMIC_NO_PIC = NO;
				GCC_NO_COMMON_BLOCKS = YES;
				GCC_OPTIMIZATION_LEVEL = 0;
				GCC_PREPROCESSOR_DEFINITIONS = (
					"DEBUG=1",
					"$(inherited)",
				);
				GCC_WARN_64_TO_32_BIT_CONVERSION = YES;
				GCC_WARN_ABOUT_RETURN_TYPE = YES_ERROR;
				GCC_WARN_UNDECLARED_SELECTOR = YES;
				GCC_WARN_UNINITIALIZED_AUTOS = YES_AGGRESSIVE;
				GCC_WARN_UNUSED_FUNCTION = YES;
				GCC_WARN_UNUSED_VARIABLE = YES;
				IPHONEOS_DEPLOYMENT_TARGET = 9.2;
				MTL_ENABLE_DEBUG_INFO = YES;
				ONLY_ACTIVE_ARCH = YES;
				SDKROOT = iphoneos;
				SWIFT_OPTIMIZATION_LEVEL = "-Onone";
				TARGETED_DEVICE_FAMILY = "1,2";
			};
			name = Debug;
		};
		4ABC01481D12B62E0083079D /* Release */ = {
			isa = XCBuildConfiguration;
			buildSettings = {
				ALWAYS_SEARCH_USER_PATHS = NO;
				CLANG_CXX_LANGUAGE_STANDARD = "gnu++0x";
				CLANG_CXX_LIBRARY = "libc++";
				CLANG_ENABLE_MODULES = YES;
				CLANG_ENABLE_OBJC_ARC = YES;
				CLANG_WARN_BOOL_CONVERSION = YES;
				CLANG_WARN_CONSTANT_CONVERSION = YES;
				CLANG_WARN_DIRECT_OBJC_ISA_USAGE = YES_ERROR;
				CLANG_WARN_EMPTY_BODY = YES;
				CLANG_WARN_ENUM_CONVERSION = YES;
				CLANG_WARN_INT_CONVERSION = YES;
				CLANG_WARN_OBJC_ROOT_CLASS = YES_ERROR;
				CLANG_WARN_UNREACHABLE_CODE = YES;
				CLANG_WARN__DUPLICATE_METHOD_MATCH = YES;
				"CODE_SIGN_IDENTITY[sdk=iphoneos*]" = "iPhone Developer";
				COPY_PHASE_STRIP = NO;
				DEBUG_INFORMATION_FORMAT = "dwarf-with-dsym";
				ENABLE_NS_ASSERTIONS = NO;
				ENABLE_STRICT_OBJC_MSGSEND = YES;
				GCC_C_LANGUAGE_STANDARD = gnu99;
				GCC_NO_COMMON_BLOCKS = YES;
				GCC_WARN_64_TO_32_BIT_CONVERSION = YES;
				GCC_WARN_ABOUT_RETURN_TYPE = YES_ERROR;
				GCC_WARN_UNDECLARED_SELECTOR = YES;
				GCC_WARN_UNINITIALIZED_AUTOS = YES_AGGRESSIVE;
				GCC_WARN_UNUSED_FUNCTION = YES;
				GCC_WARN_UNUSED_VARIABLE = YES;
				IPHONEOS_DEPLOYMENT_TARGET = 9.2;
				MTL_ENABLE_DEBUG_INFO = NO;
				SDKROOT = iphoneos;
				TARGETED_DEVICE_FAMILY = "1,2";
				VALIDATE_PRODUCT = YES;
			};
			name = Release;
		};
		4ABC014A1D12B62E0083079D /* Debug */ = {
			isa = XCBuildConfiguration;
			buildSettings = {
				ASSETCATALOG_COMPILER_APPICON_NAME = AppIcon;
				INFOPLIST_FILE = BMNYearPicker/Info.plist;
				LD_RUNPATH_SEARCH_PATHS = "$(inherited) @executable_path/Frameworks";
				PRODUCT_BUNDLE_IDENTIFIER = com.BMNYearPicker;
				PRODUCT_NAME = "$(TARGET_NAME)";
			};
			name = Debug;
		};
		4ABC014B1D12B62E0083079D /* Release */ = {
			isa = XCBuildConfiguration;
			buildSettings = {
				ASSETCATALOG_COMPILER_APPICON_NAME = AppIcon;
				INFOPLIST_FILE = BMNYearPicker/Info.plist;
				LD_RUNPATH_SEARCH_PATHS = "$(inherited) @executable_path/Frameworks";
				PRODUCT_BUNDLE_IDENTIFIER = com.BMNYearPicker;
				PRODUCT_NAME = "$(TARGET_NAME)";
			};
			name = Release;
		};
/* End XCBuildConfiguration section */

/* Begin XCConfigurationList section */
		4ABC01321D12B62D0083079D /* Build configuration list for PBXProject "BMNYearPicker" */ = {
			isa = XCConfigurationList;
			buildConfigurations = (
				4ABC01471D12B62E0083079D /* Debug */,
				4ABC01481D12B62E0083079D /* Release */,
			);
			defaultConfigurationIsVisible = 0;
			defaultConfigurationName = Release;
		};
		4ABC01491D12B62E0083079D /* Build configuration list for PBXNativeTarget "BMNYearPicker" */ = {
			isa = XCConfigurationList;
			buildConfigurations = (
				4ABC014A1D12B62E0083079D /* Debug */,
				4ABC014B1D12B62E0083079D /* Release */,
			);
			defaultConfigurationIsVisible = 0;
		};
/* End XCConfigurationList section */
	};
	rootObject = 4ABC012F1D12B62D0083079D /* Project object */;
}
